
Microsoft Visual Studio Solution File, Format Version 12.00
# Visual Studio Version 17
VisualStudioVersion = 17.8.34330.188
MinimumVisualStudioVersion = 10.0.40219.1
Project("{888888A0-9F3D-457C-B088-3A5042F75D52}") = "Прогноз закупок хакатон", "Прогноз закупок хакатон.pyproj", "{FE3EB277-6353-41B6-956E-6334C7E2FE4D}"
EndProject
Global
	GlobalSection(SolutionConfigurationPlatforms) = preSolution
		Debug|Any CPU = Debug|Any CPU
		Release|Any CPU = Release|Any CPU
	EndGlobalSection
	GlobalSection(ProjectConfigurationPlatforms) = postSolution
		{FE3EB277-6353-41B6-956E-6334C7E2FE4D}.Debug|Any CPU.ActiveCfg = Debug|Any CPU
		{FE3EB277-6353-41B6-956E-6334C7E2FE4D}.Release|Any CPU.ActiveCfg = Release|Any CPU
	EndGlobalSection
	GlobalSection(SolutionProperties) = preSolution
		HideSolutionNode = FALSE
	EndGlobalSection
	GlobalSection(ExtensibilityGlobals) = postSolution
		SolutionGuid = {6C19BC04-BDDB-4639-A7D8-A1C47A504887}
	EndGlobalSection
EndGlobal
